
Microsoft Visual Studio Solution File, Format Version 12.00
# Visual Studio Version 16
VisualStudioVersion = 16.0.30517.126
MinimumVisualStudioVersion = 10.0.40219.1
Project("{8BC9CEB8-8B4A-11D0-8D11-00A0C91BC942}") = "00_LinkedList", "00_LinkedList\00_LinkedList.vcxproj", "{1DC7B12C-DC75-41A5-AAFB-B13515A5FC89}"
EndProject
Project("{8BC9CEB8-8B4A-11D0-8D11-00A0C91BC942}") = "01_Stack", "01_Stack\01_Stack.vcxproj", "{79F47B84-5FE0-4D2C-A989-3502539466DA}"
EndProject
Project("{8BC9CEB8-8B4A-11D0-8D11-00A0C91BC942}") = "02_CircularQueue", "02_CircularQueue\02_CircularQueue.vcxproj", "{6D01B9DA-95BF-4798-952D-D2845216DDD7}"
EndProject
Project("{8BC9CEB8-8B4A-11D0-8D11-00A0C91BC942}") = "03_Heap", "03_Heap\03_Heap.vcxproj", "{4C481C72-CC74-4C21-B7C3-E605B906DED4}"
EndProject
Project("{8BC9CEB8-8B4A-11D0-8D11-00A0C91BC942}") = "04_Tree", "04_Tree\04_Tree.vcxproj", "{D16D5F27-E88B-41E3-953F-9CBBB9F832AD}"
EndProject
Project("{FAE04EC0-301F-11D3-BF4B-00C04F79EFBC}") = "05_Recursive", "05_Recursive\05_Recursive.csproj", "{D4A50CC1-431B-44C1-A557-AD82F831042B}"
EndProject
Global
	GlobalSection(SolutionConfigurationPlatforms) = preSolution
		Debug|Any CPU = Debug|Any CPU
		Debug|x64 = Debug|x64
		Debug|x86 = Debug|x86
		Release|Any CPU = Release|Any CPU
		Release|x64 = Release|x64
		Release|x86 = Release|x86
	EndGlobalSection
	GlobalSection(ProjectConfigurationPlatforms) = postSolution
		{1DC7B12C-DC75-41A5-AAFB-B13515A5FC89}.Debug|Any CPU.ActiveCfg = Debug|Win32
		{1DC7B12C-DC75-41A5-AAFB-B13515A5FC89}.Debug|x64.ActiveCfg = Debug|x64
		{1DC7B12C-DC75-41A5-AAFB-B13515A5FC89}.Debug|x64.Build.0 = Debug|x64
		{1DC7B12C-DC75-41A5-AAFB-B13515A5FC89}.Debug|x86.ActiveCfg = Debug|Win32
		{1DC7B12C-DC75-41A5-AAFB-B13515A5FC89}.Debug|x86.Build.0 = Debug|Win32
		{1DC7B12C-DC75-41A5-AAFB-B13515A5FC89}.Release|Any CPU.ActiveCfg = Release|Win32
		{1DC7B12C-DC75-41A5-AAFB-B13515A5FC89}.Release|x64.ActiveCfg = Release|x64
		{1DC7B12C-DC75-41A5-AAFB-B13515A5FC89}.Release|x64.Build.0 = Release|x64
		{1DC7B12C-DC75-41A5-AAFB-B13515A5FC89}.Release|x86.ActiveCfg = Release|Win32
		{1DC7B12C-DC75-41A5-AAFB-B13515A5FC89}.Release|x86.Build.0 = Release|Win32
		{79F47B84-5FE0-4D2C-A989-3502539466DA}.Debug|Any CPU.ActiveCfg = Debug|Win32
		{79F47B84-5FE0-4D2C-A989-3502539466DA}.Debug|x64.ActiveCfg = Debug|x64
		{79F47B84-5FE0-4D2C-A989-3502539466DA}.Debug|x64.Build.0 = Debug|x64
		{79F47B84-5FE0-4D2C-A989-3502539466DA}.Debug|x86.ActiveCfg = Debug|Win32
		{79F47B84-5FE0-4D2C-A989-3502539466DA}.Debug|x86.Build.0 = Debug|Win32
		{79F47B84-5FE0-4D2C-A989-3502539466DA}.Release|Any CPU.ActiveCfg = Release|Win32
		{79F47B84-5FE0-4D2C-A989-3502539466DA}.Release|x64.ActiveCfg = Release|x64
		{79F47B84-5FE0-4D2C-A989-3502539466DA}.Release|x64.Build.0 = Release|x64
		{79F47B84-5FE0-4D2C-A989-3502539466DA}.Release|x86.ActiveCfg = Release|Win32
		{79F47B84-5FE0-4D2C-A989-3502539466DA}.Release|x86.Build.0 = Release|Win32
		{6D01B9DA-95BF-4798-952D-D2845216DDD7}.Debug|Any CPU.ActiveCfg = Debug|Win32
		{6D01B9DA-95BF-4798-952D-D2845216DDD7}.Debug|x64.ActiveCfg = Debug|x64
		{6D01B9DA-95BF-4798-952D-D2845216DDD7}.Debug|x64.Build.0 = Debug|x64
		{6D01B9DA-95BF-4798-952D-D2845216DDD7}.Debug|x86.ActiveCfg = Debug|Win32
		{6D01B9DA-95BF-4798-952D-D2845216DDD7}.Debug|x86.Build.0 = Debug|Win32
		{6D01B9DA-95BF-4798-952D-D2845216DDD7}.Release|Any CPU.ActiveCfg = Release|Win32
		{6D01B9DA-95BF-4798-952D-D2845216DDD7}.Release|x64.ActiveCfg = Release|x64
		{6D01B9DA-95BF-4798-952D-D2845216DDD7}.Release|x64.Build.0 = Release|x64
		{6D01B9DA-95BF-4798-952D-D2845216DDD7}.Release|x86.ActiveCfg = Release|Win32
		{6D01B9DA-95BF-4798-952D-D2845216DDD7}.Release|x86.Build.0 = Release|Win32
		{4C481C72-CC74-4C21-B7C3-E605B906DED4}.Debug|Any CPU.ActiveCfg = Debug|Win32
		{4C481C72-CC74-4C21-B7C3-E605B906DED4}.Debug|x64.ActiveCfg = Debug|x64
		{4C481C72-CC74-4C21-B7C3-E605B906DED4}.Debug|x64.Build.0 = Debug|x64
		{4C481C72-CC74-4C21-B7C3-E605B906DED4}.Debug|x86.ActiveCfg = Debug|Win32
		{4C481C72-CC74-4C21-B7C3-E605B906DED4}.Debug|x86.Build.0 = Debug|Win32
		{4C481C72-CC74-4C21-B7C3-E605B906DED4}.Release|Any CPU.ActiveCfg = Release|Win32
		{4C481C72-CC74-4C21-B7C3-E605B906DED4}.Release|x64.ActiveCfg = Release|x64
		{4C481C72-CC74-4C21-B7C3-E605B906DED4}.Release|x64.Build.0 = Release|x64
		{4C481C72-CC74-4C21-B7C3-E605B906DED4}.Release|x86.ActiveCfg = Release|Win32
		{4C481C72-CC74-4C21-B7C3-E605B906DED4}.Release|x86.Build.0 = Release|Win32
		{D16D5F27-E88B-41E3-953F-9CBBB9F832AD}.Debug|Any CPU.ActiveCfg = Debug|Win32
		{D16D5F27-E88B-41E3-953F-9CBBB9F832AD}.Debug|x64.ActiveCfg = Debug|x64
		{D16D5F27-E88B-41E3-953F-9CBBB9F832AD}.Debug|x64.Build.0 = Debug|x64
		{D16D5F27-E88B-41E3-953F-9CBBB9F832AD}.Debug|x86.ActiveCfg = Debug|Win32
		{D16D5F27-E88B-41E3-953F-9CBBB9F832AD}.Debug|x86.Build.0 = Debug|Win32
		{D16D5F27-E88B-41E3-953F-9CBBB9F832AD}.Release|Any CPU.ActiveCfg = Release|Win32
		{D16D5F27-E88B-41E3-953F-9CBBB9F832AD}.Release|x64.ActiveCfg = Release|x64
		{D16D5F27-E88B-41E3-953F-9CBBB9F832AD}.Release|x64.Build.0 = Release|x64
		{D16D5F27-E88B-41E3-953F-9CBBB9F832AD}.Release|x86.ActiveCfg = Release|Win32
		{D16D5F27-E88B-41E3-953F-9CBBB9F832AD}.Release|x86.Build.0 = Release|Win32
		{D4A50CC1-431B-44C1-A557-AD82F831042B}.Debug|Any CPU.ActiveCfg = Debug|Any CPU
		{D4A50CC1-431B-44C1-A557-AD82F831042B}.Debug|Any CPU.Build.0 = Debug|Any CPU
		{D4A50CC1-431B-44C1-A557-AD82F831042B}.Debug|x64.ActiveCfg = Debug|Any CPU
		{D4A50CC1-431B-44C1-A557-AD82F831042B}.Debug|x64.Build.0 = Debug|Any CPU
		{D4A50CC1-431B-44C1-A557-AD82F831042B}.Debug|x86.ActiveCfg = Debug|Any CPU
		{D4A50CC1-431B-44C1-A557-AD82F831042B}.Debug|x86.Build.0 = Debug|Any CPU
		{D4A50CC1-431B-44C1-A557-AD82F831042B}.Release|Any CPU.ActiveCfg = Release|Any CPU
		{D4A50CC1-431B-44C1-A557-AD82F831042B}.Release|Any CPU.Build.0 = Release|Any CPU
		{D4A50CC1-431B-44C1-A557-AD82F831042B}.Release|x64.ActiveCfg = Release|Any CPU
		{D4A50CC1-431B-44C1-A557-AD82F831042B}.Release|x64.Build.0 = Release|Any CPU
		{D4A50CC1-431B-44C1-A557-AD82F831042B}.Release|x86.ActiveCfg = Release|Any CPU
		{D4A50CC1-431B-44C1-A557-AD82F831042B}.Release|x86.Build.0 = Release|Any CPU
	EndGlobalSection
	GlobalSection(SolutionProperties) = preSolution
		HideSolutionNode = FALSE
	EndGlobalSection
	GlobalSection(ExtensibilityGlobals) = postSolution
		SolutionGuid = {B705AD4B-E86C-4A73-8CE6-F29CFDF177E7}
	EndGlobalSection
EndGlobal
